<?xml version="1.0" encoding="utf-8"?>
<Project ToolsVersion="4.0" xmlns="http://schemas.microsoft.com/developer/msbuild/2003">
  <ItemGroup>
    <Filter Include="Source Files">
      <UniqueIdentifier>{4FC737F1-C7A5-4376-A066-2A32D752A2FF}</UniqueIdentifier>
      <Extensions>cpp;c;cc;cxx;c++;cppm;ixx;def;odl;idl;hpj;bat;asm;asmx</Extensions>
    </Filter>
    <Filter Include="Header Files">
      <UniqueIdentifier>{93995380-89BD-4b04-88EB-625FBE52EBFB}</UniqueIdentifier>
      <Extensions>h;hh;hpp;hxx;h++;hm;inl;inc;ipp;xsd</Extensions>
    </Filter>
    <Filter Include="Resource Files">
      <UniqueIdentifier>{67DA6AB6-F800-4c08-8B7A-83BB121AAD01}</UniqueIdentifier>
      <Extensions>rc;ico;cur;bmp;dlg;rc2;rct;bin;rgs;gif;jpg;jpeg;jpe;resx;tiff;tif;png;wav;mfcribbon-ms</Extensions>
    </Filter>
    <Filter Include="Header Files\engine">
      <UniqueIdentifier>{998c9a37-81a8-4b1b-921e-d85b5de0ea66}</UniqueIdentifier>
    </Filter>
    <Filter Include="Source Files\engine">
      <UniqueIdentifier>{e647fcbd-72ee-4c64-a1d4-6d66d42dd2cb}</UniqueIdentifier>
    </Filter>
    <Filter Include="Header Files\engine\rendering">
      <UniqueIdentifier>{2936a9ef-9e3c-4f06-b92c-a413cfc51361}</UniqueIdentifier>
    </Filter>
    <Filter Include="Source Files\engine\rendering">
      <UniqueIdentifier>{2d56143f-191e-4ad1-abb7-808817697b30}</UniqueIdentifier>
    </Filter>
    <Filter Include="Source Files\engine\shaders">
      <UniqueIdentifier>{948905af-c6c5-4735-95a4-0c1e7026ea79}</UniqueIdentifier>
    </Filter>
    <Filter Include="Header Files\engine\ECS">
      <UniqueIdentifier>{c8f16766-516e-4fe1-be31-097dc803ae2c}</UniqueIdentifier>
    </Filter>
    <Filter Include="Source Files\engine\ECS">
      <UniqueIdentifier>{4838b138-b627-483d-bd0d-c8e67104fb6f}</UniqueIdentifier>
    </Filter>
    <Filter Include="Header Files\engine\ECS\Components">
      <UniqueIdentifier>{9723238f-9cd8-4af1-a70e-631b5cb9d981}</UniqueIdentifier>
    </Filter>
    <Filter Include="Header Files\engine\Other">
      <UniqueIdentifier>{78914e7c-73fd-42e0-8633-a65c137f683e}</UniqueIdentifier>
    </Filter>
    <Filter Include="Source Files\engine\Other">
      <UniqueIdentifier>{3f9ed6c7-fdd6-4abd-bf7d-817969f4483a}</UniqueIdentifier>
    </Filter>
    <Filter Include="Header Files\engine\ECS\Systems">
      <UniqueIdentifier>{a3896931-706b-4763-b819-5d448c1f0f2c}</UniqueIdentifier>
    </Filter>
  </ItemGroup>
  <ItemGroup>
    <ClCompile Include="main.cpp">
      <Filter>Source Files</Filter>
    </ClCompile>
    <ClCompile Include="StartState.cpp">
      <Filter>Source Files</Filter>
    </ClCompile>
    <ClCompile Include="mesh.cpp">
      <Filter>Source Files\engine\rendering</Filter>
    </ClCompile>
    <ClCompile Include="renderer.cpp">
      <Filter>Source Files\engine\rendering</Filter>
    </ClCompile>
    <ClCompile Include="shader.cpp">
      <Filter>Source Files\engine\rendering</Filter>
    </ClCompile>
    <ClCompile Include="texture.hpp">
      <Filter>Header Files\engine\rendering</Filter>
    </ClCompile>
    <ClCompile Include="AssetManager.hpp">
      <Filter>Header Files\engine\Other</Filter>
    </ClCompile>
    <ClCompile Include="StateMachine.hpp">
      <Filter>Header Files\engine\Other</Filter>
    </ClCompile>
    <ClCompile Include="Tools.hpp">
      <Filter>Header Files\engine\Other</Filter>
    </ClCompile>
    <ClCompile Include="InputManager.cpp">
      <Filter>Source Files\engine\Other</Filter>
    </ClCompile>
    <ClCompile Include="glad.c">
      <Filter>Source Files\engine\Other</Filter>
    </ClCompile>
    <ClCompile Include="StateMachine.cpp">
      <Filter>Source Files\engine\Other</Filter>
    </ClCompile>
    <ClCompile Include="stbi_image.cpp">
      <Filter>Source Files\engine\Other</Filter>
    </ClCompile>
    <ClCompile Include="gframe.cpp">
      <Filter>Source Files\engine\Other</Filter>
    </ClCompile>
    <ClCompile Include="Tools.cpp">
      <Filter>Source Files\engine\Other</Filter>
    </ClCompile>
    <ClCompile Include="Window.cpp">
      <Filter>Source Files\engine\Other</Filter>
    </ClCompile>
    <ClCompile Include="AssetManager.cpp">
      <Filter>Source Files\engine\Other</Filter>
    </ClCompile>
    <ClCompile Include="transform.cpp">
      <Filter>Source Files\engine\Other</Filter>
    </ClCompile>
    <ClCompile Include="ComponentFactory.hpp">
      <Filter>Header Files\engine\ECS</Filter>
    </ClCompile>
    <ClCompile Include="ComponentFactory.cpp">
      <Filter>Source Files\engine\ECS</Filter>
    </ClCompile>
    <ClCompile Include="Archetype.cpp">
      <Filter>Source Files\engine\ECS</Filter>
    </ClCompile>
    <ClCompile Include="ecs.cpp">
      <Filter>Source Files\engine\ECS</Filter>
    </ClCompile>
    <ClCompile Include="Velocity.hpp">
      <Filter>Header Files\engine\ECS\Components</Filter>
    </ClCompile>
    <ClCompile Include="InputTag.hpp">
      <Filter>Header Files\engine\ECS\Components</Filter>
    </ClCompile>
    <ClCompile Include="MovementSystem.hpp">
      <Filter>Header Files\engine\ECS\Systems</Filter>
    </ClCompile>
    <ClCompile Include="PlayerTag.hpp">
      <Filter>Header Files\engine\ECS\Components</Filter>
    </ClCompile>
  </ItemGroup>
  <ItemGroup>
    <ClInclude Include="mesh.hpp">
      <Filter>Header Files\engine\rendering</Filter>
    </ClInclude>
    <ClInclude Include="renderer.hpp">
      <Filter>Header Files\engine\rendering</Filter>
    </ClInclude>
    <ClInclude Include="shader.hpp">
      <Filter>Header Files\engine\rendering</Filter>
    </ClInclude>
    <ClInclude Include="StartState.hpp">
      <Filter>Header Files</Filter>
    </ClInclude>
    <ClInclude Include="gframe.hpp">
      <Filter>Header Files\engine\Other</Filter>
    </ClInclude>
    <ClInclude Include="InputManager.hpp">
      <Filter>Header Files\engine\Other</Filter>
    </ClInclude>
    <ClInclude Include="stb_image.h">
      <Filter>Header Files\engine\Other</Filter>
    </ClInclude>
    <ClInclude Include="State.hpp">
      <Filter>Header Files\engine\Other</Filter>
    </ClInclude>
    <ClInclude Include="transform.hpp">
      <Filter>Header Files\engine\Other</Filter>
    </ClInclude>
    <ClInclude Include="Window.hpp">
      <Filter>Header Files\engine\Other</Filter>
    </ClInclude>
    <ClInclude Include="Types.hpp">
      <Filter>Header Files\engine\ECS</Filter>
    </ClInclude>
    <ClInclude Include="Archetype.hpp">
      <Filter>Header Files\engine\ECS</Filter>
    </ClInclude>
    <ClInclude Include="ecs.hpp">
      <Filter>Header Files\engine\ECS</Filter>
    </ClInclude>
    <ClInclude Include="Position.hpp">
      <Filter>Header Files\engine\ECS\Components</Filter>
    </ClInclude>
    <ClInclude Include="Movement.hpp">
      <Filter>Header Files\engine\ECS\Systems</Filter>
    </ClInclude>
    <ClInclude Include="Orientation.hpp">
      <Filter>Header Files\engine\ECS\Components</Filter>
    </ClInclude>
  </ItemGroup>
  <ItemGroup>
    <None Include="fragment.glsl">
      <Filter>Source Files\engine\shaders</Filter>
    </None>
    <None Include="vertex.glsl">
      <Filter>Source Files\engine\shaders</Filter>
    </None>
  </ItemGroup>
</Project>